// !$*UTF8*$!
{
	archiveVersion = 1;
	classes = {
	};
	objectVersion = 46;
	objects = {

/* Begin PBXBuildFile section */
		C65A5D431C716DCA00BC8AD2 /* AppDelegate.m in Sources */ = {isa = PBXBuildFile; fileRef = C65A5D421C716DCA00BC8AD2 /* AppDelegate.m */; };
		C65A5D461C716DCA00BC8AD2 /* main.m in Sources */ = {isa = PBXBuildFile; fileRef = C65A5D451C716DCA00BC8AD2 /* main.m */; };
		C65A5D481C716DCA00BC8AD2 /* Assets.xcassets in Resources */ = {isa = PBXBuildFile; fileRef = C65A5D471C716DCA00BC8AD2 /* Assets.xcassets */; };
		C65A5D4B1C716DCB00BC8AD2 /* MainMenu.xib in Resources */ = {isa = PBXBuildFile; fileRef = C65A5D491C716DCB00BC8AD2 /* MainMenu.xib */; };
		C65A5D551C716EAA00BC8AD2 /* MainVC.m in Sources */ = {isa = PBXBuildFile; fileRef = C65A5D531C716EAA00BC8AD2 /* MainVC.m */; };
		C65A5D561C716EAA00BC8AD2 /* MainVC.xib in Resources */ = {isa = PBXBuildFile; fileRef = C65A5D541C716EAA00BC8AD2 /* MainVC.xib */; };
/* End PBXBuildFile section */

/* Begin PBXFileReference section */
		C65A5D3E1C716DCA00BC8AD2 /* MacAppDemo.app */ = {isa = PBXFileReference; explicitFileType = wrapper.application; includeInIndex = 0; path = MacAppDemo.app; sourceTree = BUILT_PRODUCTS_DIR; };
		C65A5D411C716DCA00BC8AD2 /* AppDelegate.h */ = {isa = PBXFileReference; lastKnownFileType = sourcecode.c.h; path = AppDelegate.h; sourceTree = "<group>"; };
		C65A5D421C716DCA00BC8AD2 /* AppDelegate.m */ = {isa = PBXFileReference; lastKnownFileType = sourcecode.c.objc; path = AppDelegate.m; sourceTree = "<group>"; };
		C65A5D451C716DCA00BC8AD2 /* main.m */ = {isa = PBXFileReference; lastKnownFileType = sourcecode.c.objc; path = main.m; sourceTree = "<group>"; };
		C65A5D471C716DCA00BC8AD2 /* Assets.xcassets */ = {isa = PBXFileReference; lastKnownFileType = folder.assetcatalog; path = Assets.xcassets; sourceTree = "<group>"; };
		C65A5D4A1C716DCB00BC8AD2 /* Base */ = {isa = PBXFileReference; lastKnownFileType = file.xib; name = Base; path = Base.lproj/MainMenu.xib; sourceTree = "<group>"; };
		C65A5D4C1C716DCB00BC8AD2 /* Info.plist */ = {isa = PBXFileReference; lastKnownFileType = text.plist.xml; path = Info.plist; sourceTree = "<group>"; };
		C65A5D521C716EAA00BC8AD2 /* MainVC.h */ = {isa = PBXFileReference; fileEncoding = 4; lastKnownFileType = sourcecode.c.h; path = MainVC.h; sourceTree = "<group>"; };
		C65A5D531C716EAA00BC8AD2 /* MainVC.m */ = {isa = PBXFileReference; fileEncoding = 4; lastKnownFileType = sourcecode.c.objc; path = MainVC.m; sourceTree = "<group>"; };
		C65A5D541C716EAA00BC8AD2 /* MainVC.xib */ = {isa = PBXFileReference; fileEncoding = 4; lastKnownFileType = file.xib; path = MainVC.xib; sourceTree = "<group>"; };
/* End PBXFileReference section */

/* Begin PBXFrameworksBuildPhase section */
		C65A5D3B1C716DCA00BC8AD2 /* Frameworks */ = {
			isa = PBXFrameworksBuildPhase;
			buildActionMask = 2147483647;
			files = (
			);
			runOnlyForDeploymentPostprocessing = 0;
		};
/* End PBXFrameworksBuildPhase section */

/* Begin PBXGroup section */
		C65A5D351C716DCA00BC8AD2 = {
			isa = PBXGroup;
			children = (
				C65A5D401C716DCA00BC8AD2 /* MacAppDemo */,
				C65A5D3F1C716DCA00BC8AD2 /* Products */,
			);
			sourceTree = "<group>";
		};
		C65A5D3F1C716DCA00BC8AD2 /* Products */ = {
			isa = PBXGroup;
			children = (
				C65A5D3E1C716DCA00BC8AD2 /* MacAppDemo.app */,
			);
			name = Products;
			sourceTree = "<group>";
		};
		C65A5D401C716DCA00BC8AD2 /* MacAppDemo */ = {
			isa = PBXGroup;
			children = (
				C65A5D411C716DCA00BC8AD2 /* AppDelegate.h */,
				C65A5D421C716DCA00BC8AD2 /* AppDelegate.m */,
				C65A5D521C716EAA00BC8AD2 /* MainVC.h */,
				C65A5D531C716EAA00BC8AD2 /* MainVC.m */,
				C65A5D541C716EAA00BC8AD2 /* MainVC.xib */,
				C65A5D471C716DCA00BC8AD2 /* Assets.xcassets */,
				C65A5D491C716DCB00BC8AD2 /* MainMenu.xib */,
				C65A5D4C1C716DCB00BC8AD2 /* Info.plist */,
				C65A5D441C716DCA00BC8AD2 /* Supporting Files */,
			);
			path = MacAppDemo;
			sourceTree = "<group>";
		};
		C65A5D441C716DCA00BC8AD2 /* Supporting Files */ = {
			isa = PBXGroup;
			children = (
				C65A5D451C716DCA00BC8AD2 /* main.m */,
			);
			name = "Supporting Files";
			sourceTree = "<group>";
		};
/* End PBXGroup section */

/* Begin PBXNativeTarget section */
		C65A5D3D1C716DCA00BC8AD2 /* MacAppDemo */ = {
			isa = PBXNativeTarget;
			buildConfigurationList = C65A5D4F1C716DCB00BC8AD2 /* Build configuration list for PBXNativeTarget "MacAppDemo" */;
			buildPhases = (
				C65A5D3A1C716DCA00BC8AD2 /* Sources */,
				C65A5D3B1C716DCA00BC8AD2 /* Frameworks */,
				C65A5D3C1C716DCA00BC8AD2 /* Resources */,
			);
			buildRules = (
			);
			dependencies = (
			);
			name = MacAppDemo;
			productName = MacAppDemo;
			productReference = C65A5D3E1C716DCA00BC8AD2 /* MacAppDemo.app */;
			productType = "com.apple.product-type.application";
		};
/* End PBXNativeTarget section */

/* Begin PBXProject section */
		C65A5D361C716DCA00BC8AD2 /* Project object */ = {
			isa = PBXProject;
			attributes = {
				LastUpgradeCheck = 0720;
				ORGANIZATIONNAME = sumbrilliance;
				TargetAttributes = {
					C65A5D3D1C716DCA00BC8AD2 = {
						CreatedOnToolsVersion = 7.2.1;
						DevelopmentTeam = 2MS63JYU78;
					};
				};
			};
			buildConfigurationList = C65A5D391C716DCA00BC8AD2 /* Build configuration list for PBXProject "MacAppDemo" */;
			compatibilityVersion = "Xcode 3.2";
			developmentRegion = English;
			hasScannedForEncodings = 0;
			knownRegions = (
				en,
				Base,
			);
			mainGroup = C65A5D351C716DCA00BC8AD2;
			productRefGroup = C65A5D3F1C716DCA00BC8AD2 /* Products */;
			projectDirPath = "";
			projectRoot = "";
			targets = (
				C65A5D3D1C716DCA00BC8AD2 /* MacAppDemo */,
			);
		};
/* End PBXProject section */

/* Begin PBXResourcesBuildPhase section */
		C65A5D3C1C716DCA00BC8AD2 /* Resources */ = {
			isa = PBXResourcesBuildPhase;
			buildActionMask = 2147483647;
			files = (
				C65A5D561C716EAA00BC8AD2 /* MainVC.xib in Resources */,
				C65A5D481C716DCA00BC8AD2 /* Assets.xcassets in Resources */,
				C65A5D4B1C716DCB00BC8AD2 /* MainMenu.xib in Resources */,
			);
			runOnlyForDeploymentPostprocessing = 0;
		};
/* End PBXResourcesBuildPhase section */

/* Begin PBXSourcesBuildPhase section */
		C65A5D3A1C716DCA00BC8AD2 /* Sources */ = {
			isa = PBXSourcesBuildPhase;
			buildActionMask = 2147483647;
			files = (
				C65A5D551C716EAA00BC8AD2 /* MainVC.m in Sources */,
				C65A5D461C716DCA00BC8AD2 /* main.m in Sources */,
				C65A5D431C716DCA00BC8AD2 /* AppDelegate.m in Sources */,
			);
			runOnlyForDeploymentPostprocessing = 0;
		};
/* End PBXSourcesBuildPhase section */

/* Begin PBXVariantGroup section */
		C65A5D491C716DCB00BC8AD2 /* MainMenu.xib */ = {
			isa = PBXVariantGroup;
			children = (
				C65A5D4A1C716DCB00BC8AD2 /* Base */,
			);
			name = MainMenu.xib;
			sourceTree = "<group>";
		};
/* End PBXVariantGroup section */

/* Begin XCBuildConfiguration section */
		C65A5D4D1C716DCB00BC8AD2 /* Debug */ = {
			isa = XCBuildConfiguration;
			buildSettings = {
				ALWAYS_SEARCH_USER_PATHS = NO;
				CLANG_CXX_LANGUAGE_STANDARD = "gnu++0x";
				CLANG_CXX_LIBRARY = "libc++";
				CLANG_ENABLE_MODULES = YES;
				CLANG_ENABLE_OBJC_ARC = YES;
				CLANG_WARN_BOOL_CONVERSION = YES;
				CLANG_WARN_CONSTANT_CONVERSION = YES;
				CLANG_WARN_DIRECT_OBJC_ISA_USAGE = YES_ERROR;
				CLANG_WARN_EMPTY_BODY = YES;
				CLANG_WARN_ENUM_CONVERSION = YES;
				CLANG_WARN_INT_CONVERSION = YES;
				CLANG_WARN_OBJC_ROOT_CLASS = YES_ERROR;
				CLANG_WARN_UNREACHABLE_CODE = YES;
				CLANG_WARN__DUPLICATE_METHOD_MATCH = YES;
				CODE_SIGN_IDENTITY = "-";
				COPY_PHASE_STRIP = NO;
				DEBUG_INFORMATION_FORMAT = dwarf;
				ENABLE_STRICT_OBJC_MSGSEND = YES;
				ENABLE_TESTABILITY = YES;
				GCC_C_LANGUAGE_STANDARD = gnu99;
				GCC_DYNAMIC_NO_PIC = NO;
				GCC_NO_COMMON_BLOCKS = YES;
				GCC_OPTIMIZATION_LEVEL = 0;
				GCC_PREPROCESSOR_DEFINITIONS = (
					"DEBUG=1",
					"$(inherited)",
				);
				GCC_WARN_64_TO_32_BIT_CONVERSION = YES;
				GCC_WARN_ABOUT_RETURN_TYPE = YES_ERROR;
				GCC_WARN_UNDECLARED_SELECTOR = YES;
				GCC_WARN_UNINITIALIZED_AUTOS = YES_AGGRESSIVE;
				GCC_WARN_UNUSED_FUNCTION = YES;
				GCC_WARN_UNUSED_VARIABLE = YES;
				MACOSX_DEPLOYMENT_TARGET = 10.9;
				MTL_ENABLE_DEBUG_INFO = YES;
				ONLY_ACTIVE_ARCH = YES;
				SDKROOT = macosx;
			};
			name = Debug;
		};
		C65A5D4E1C716DCB00BC8AD2 /* Release */ = {
			isa = XCBuildConfiguration;
			buildSettings = {
				ALWAYS_SEARCH_USER_PATHS = NO;
				CLANG_CXX_LANGUAGE_STANDARD = "gnu++0x";
				CLANG_CXX_LIBRARY = "libc++";
				CLANG_ENABLE_MODULES = YES;
				CLANG_ENABLE_OBJC_ARC = YES;
				CLANG_WARN_BOOL_CONVERSION = YES;
				CLANG_WARN_CONSTANT_CONVERSION = YES;
				CLANG_WARN_DIRECT_OBJC_ISA_USAGE = YES_ERROR;
				CLANG_WARN_EMPTY_BODY = YES;
				CLANG_WARN_ENUM_CONVERSION = YES;
				CLANG_WARN_INT_CONVERSION = YES;
				CLANG_WARN_OBJC_ROOT_CLASS = YES_ERROR;
				CLANG_WARN_UNREACHABLE_CODE = YES;
				CLANG_WARN__DUPLICATE_METHOD_MATCH = YES;
				CODE_SIGN_IDENTITY = "-";
				COPY_PHASE_STRIP = NO;
				DEBUG_INFORMATION_FORMAT = "dwarf-with-dsym";
				ENABLE_NS_ASSERTIONS = NO;
				ENABLE_STRICT_OBJC_MSGSEND = YES;
				GCC_C_LANGUAGE_STANDARD = gnu99;
				GCC_NO_COMMON_BLOCKS = YES;
				GCC_WARN_64_TO_32_BIT_CONVERSION = YES;
				GCC_WARN_ABOUT_RETURN_TYPE = YES_ERROR;
				GCC_WARN_UNDECLARED_SELECTOR = YES;
				GCC_WARN_UNINITIALIZED_AUTOS = YES_AGGRESSIVE;
				GCC_WARN_UNUSED_FUNCTION = YES;
				GCC_WARN_UNUSED_VARIABLE = YES;
				MACOSX_DEPLOYMENT_TARGET = 10.9;
				MTL_ENABLE_DEBUG_INFO = NO;
				SDKROOT = macosx;
			};
			name = Release;
		};
		C65A5D501C716DCB00BC8AD2 /* Debug */ = {
			isa = XCBuildConfiguration;
			buildSettings = {
				ASSETCATALOG_COMPILER_APPICON_NAME = AppIcon;
				CODE_SIGN_IDENTITY = "Mac Developer";
				"CODE_SIGN_IDENTITY[sdk=macosx*]" = "Mac Developer";
				COMBINE_HIDPI_IMAGES = YES;
				INFOPLIST_FILE = MacAppDemo/Info.plist;
				LD_RUNPATH_SEARCH_PATHS = "$(inherited) @executable_path/../Frameworks";
				MACOSX_DEPLOYMENT_TARGET = 10.9;
				PRODUCT_BUNDLE_IDENTIFIER = com.sumbrilliance.MacAppDemo;
				PRODUCT_NAME = "$(TARGET_NAME)";
				PROVISIONING_PROFILE = "";
			};
			name = Debug;
		};
		C65A5D511C716DCB00BC8AD2 /* Release */ = {
			isa = XCBuildConfiguration;
			buildSettings = {
				ASSETCATALOG_COMPILER_APPICON_NAME = AppIcon;
				CODE_SIGN_IDENTITY = "Mac Developer";
				"CODE_SIGN_IDENTITY[sdk=macosx*]" = "Mac Developer";
				COMBINE_HIDPI_IMAGES = YES;
				INFOPLIST_FILE = MacAppDemo/Info.plist;
				LD_RUNPATH_SEARCH_PATHS = "$(inherited) @executable_path/../Frameworks";
				MACOSX_DEPLOYMENT_TARGET = 10.9;
				PRODUCT_BUNDLE_IDENTIFIER = com.sumbrilliance.MacAppDemo;
				PRODUCT_NAME = "$(TARGET_NAME)";
				PROVISIONING_PROFILE = "";
			};
			name = Release;
		};
/* End XCBuildConfiguration section */

/* Begin XCConfigurationList section */
		C65A5D391C716DCA00BC8AD2 /* Build configuration list for PBXProject "MacAppDemo" */ = {
			isa = XCConfigurationList;
			buildConfigurations = (
				C65A5D4D1C716DCB00BC8AD2 /* Debug */,
				C65A5D4E1C716DCB00BC8AD2 /* Release */,
			);
			defaultConfigurationIsVisible = 0;
			defaultConfigurationName = Release;
		};
		C65A5D4F1C716DCB00BC8AD2 /* Build configuration list for PBXNativeTarget "MacAppDemo" */ = {
			isa = XCConfigurationList;
			buildConfigurations = (
				C65A5D501C716DCB00BC8AD2 /* Debug */,
				C65A5D511C716DCB00BC8AD2 /* Release */,
			);
			defaultConfigurationIsVisible = 0;
			defaultConfigurationName = Release;
		};
/* End XCConfigurationList section */
	};
	rootObject = C65A5D361C716DCA00BC8AD2 /* Project object */;
}
